
Microsoft Visual Studio Solution File, Format Version 12.00
# Visual Studio Version 17
VisualStudioVersion = 17.1.32421.90
MinimumVisualStudioVersion = 10.0.40219.1
Project("{9A19103F-16F7-4668-BE54-9A1E7A4F7556}") = "strstr", "Leetcode\strstr.csproj", "{56DE24F4-B661-4F7E-825F-D10E8609E1DE}"
EndProject
Project("{FAE04EC0-301F-11D3-BF4B-00C04F79EFBC}") = "roman", "roman\roman.csproj", "{2A6C6564-51FF-49E3-BD7D-BE1D7FD61883}"
EndProject
Project("{FAE04EC0-301F-11D3-BF4B-00C04F79EFBC}") = "118.Pascal", "118.Pascal\118.Pascal.csproj", "{1598DCFF-9C22-4E84-A3DC-D6106EE921C0}"
EndProject
Global
	GlobalSection(SolutionConfigurationPlatforms) = preSolution
		Debug|Any CPU = Debug|Any CPU
		Release|Any CPU = Release|Any CPU
	EndGlobalSection
	GlobalSection(ProjectConfigurationPlatforms) = postSolution
		{56DE24F4-B661-4F7E-825F-D10E8609E1DE}.Debug|Any CPU.ActiveCfg = Debug|Any CPU
		{56DE24F4-B661-4F7E-825F-D10E8609E1DE}.Debug|Any CPU.Build.0 = Debug|Any CPU
		{56DE24F4-B661-4F7E-825F-D10E8609E1DE}.Release|Any CPU.ActiveCfg = Release|Any CPU
		{56DE24F4-B661-4F7E-825F-D10E8609E1DE}.Release|Any CPU.Build.0 = Release|Any CPU
		{2A6C6564-51FF-49E3-BD7D-BE1D7FD61883}.Debug|Any CPU.ActiveCfg = Debug|Any CPU
		{2A6C6564-51FF-49E3-BD7D-BE1D7FD61883}.Debug|Any CPU.Build.0 = Debug|Any CPU
		{2A6C6564-51FF-49E3-BD7D-BE1D7FD61883}.Release|Any CPU.ActiveCfg = Release|Any CPU
		{2A6C6564-51FF-49E3-BD7D-BE1D7FD61883}.Release|Any CPU.Build.0 = Release|Any CPU
		{1598DCFF-9C22-4E84-A3DC-D6106EE921C0}.Debug|Any CPU.ActiveCfg = Debug|Any CPU
		{1598DCFF-9C22-4E84-A3DC-D6106EE921C0}.Debug|Any CPU.Build.0 = Debug|Any CPU
		{1598DCFF-9C22-4E84-A3DC-D6106EE921C0}.Release|Any CPU.ActiveCfg = Release|Any CPU
		{1598DCFF-9C22-4E84-A3DC-D6106EE921C0}.Release|Any CPU.Build.0 = Release|Any CPU
	EndGlobalSection
	GlobalSection(SolutionProperties) = preSolution
		HideSolutionNode = FALSE
	EndGlobalSection
	GlobalSection(ExtensibilityGlobals) = postSolution
		SolutionGuid = {9D77D881-F8F2-4248-9675-4623ABB6E9EA}
	EndGlobalSection
EndGlobal
